# THIS IS AN AUTOGENERATED FILE. DO NOT EDIT THIS FILE DIRECTLY.
# yarn lockfile v1


lix@^15.6.0-alpha.4:
  version "15.6.0-alpha.4"
  resolved "https://registry.yarnpkg.com/lix/-/lix-15.6.0-alpha.4.tgz#640eb3c093f11ccc926265f4b342dfd164a250f2"
  integrity sha512-RxJ8qs9Oc+coniDEZa/7mvmxlIcYYa7kzUqrmvLSmgljAWrWtHLQd+LmSbhv0gWfdhQzvZxLr84R1gHZBOUPdQ==

typescript@^3.7.3:
  version "3.7.3"
  resolved "https://registry.yarnpkg.com/typescript/-/typescript-3.7.3.tgz#b36840668a16458a7025b9eabfad11b66ab85c69"
  integrity sha512-Mcr/Qk7hXqFBXMN7p7Lusj1ktCBydylfQM/FZCk5glCNQJrCUKPkMHdo9R0MTFWsC/4kPFvDS0fDPvukfCkFsw==
